
Microsoft Visual Studio Solution File, Format Version 12.00
# Visual Studio Version 17
VisualStudioVersion = 17.7.34031.279
MinimumVisualStudioVersion = 10.0.40219.1
Project("{9A19103F-16F7-4668-BE54-9A1E7A4F7556}") = "ShopOnline.Web", "ShopOnline.Web\ShopOnline.Web.csproj", "{7C05E97E-0C84-4A53-85DA-5EB6FE3B28F8}"
EndProject
Project("{9A19103F-16F7-4668-BE54-9A1E7A4F7556}") = "ShopOnline.Api", "ShopOnline.Api\ShopOnline.Api.csproj", "{3067E369-DDA7-4949-90D4-3A4796FB8BD7}"
EndProject
Project("{9A19103F-16F7-4668-BE54-9A1E7A4F7556}") = "ShopOnline.Models", "ShopOnline.Models\ShopOnline.Models.csproj", "{3B70B5EA-4713-4A53-9259-15A3904916E2}"
EndProject
Global
	GlobalSection(SolutionConfigurationPlatforms) = preSolution
		Debug|Any CPU = Debug|Any CPU
		Release|Any CPU = Release|Any CPU
	EndGlobalSection
	GlobalSection(ProjectConfigurationPlatforms) = postSolution
		{7C05E97E-0C84-4A53-85DA-5EB6FE3B28F8}.Debug|Any CPU.ActiveCfg = Debug|Any CPU
		{7C05E97E-0C84-4A53-85DA-5EB6FE3B28F8}.Debug|Any CPU.Build.0 = Debug|Any CPU
		{7C05E97E-0C84-4A53-85DA-5EB6FE3B28F8}.Release|Any CPU.ActiveCfg = Release|Any CPU
		{7C05E97E-0C84-4A53-85DA-5EB6FE3B28F8}.Release|Any CPU.Build.0 = Release|Any CPU
		{3067E369-DDA7-4949-90D4-3A4796FB8BD7}.Debug|Any CPU.ActiveCfg = Debug|Any CPU
		{3067E369-DDA7-4949-90D4-3A4796FB8BD7}.Debug|Any CPU.Build.0 = Debug|Any CPU
		{3067E369-DDA7-4949-90D4-3A4796FB8BD7}.Release|Any CPU.ActiveCfg = Release|Any CPU
		{3067E369-DDA7-4949-90D4-3A4796FB8BD7}.Release|Any CPU.Build.0 = Release|Any CPU
		{3B70B5EA-4713-4A53-9259-15A3904916E2}.Debug|Any CPU.ActiveCfg = Debug|Any CPU
		{3B70B5EA-4713-4A53-9259-15A3904916E2}.Debug|Any CPU.Build.0 = Debug|Any CPU
		{3B70B5EA-4713-4A53-9259-15A3904916E2}.Release|Any CPU.ActiveCfg = Release|Any CPU
		{3B70B5EA-4713-4A53-9259-15A3904916E2}.Release|Any CPU.Build.0 = Release|Any CPU
	EndGlobalSection
	GlobalSection(SolutionProperties) = preSolution
		HideSolutionNode = FALSE
	EndGlobalSection
	GlobalSection(ExtensibilityGlobals) = postSolution
		SolutionGuid = {66AE2D89-F205-4491-8479-37BDE95A085F}
	EndGlobalSection
EndGlobal
